// !$*UTF8*$!
{
	archiveVersion = 1;
	classes = {
	};
	objectVersion = 46;
	objects = {

/* Begin PBXBuildFile section */
		A3B6E1951EAC667E00251D73 /* Corners.swift in Sources */ = {isa = PBXBuildFile; fileRef = A3B6E1941EAC667E00251D73 /* Corners.swift */; };
		A3BB1E1F1E746F75001E979F /* SplashVC.swift in Sources */ = {isa = PBXBuildFile; fileRef = A3BB1E1E1E746F75001E979F /* SplashVC.swift */; };
		A3C5067B1E42F10200E6B32D /* AppDelegate.swift in Sources */ = {isa = PBXBuildFile; fileRef = A3C5067A1E42F10200E6B32D /* AppDelegate.swift */; };
		A3C5067D1E42F10200E6B32D /* ViewController.swift in Sources */ = {isa = PBXBuildFile; fileRef = A3C5067C1E42F10200E6B32D /* ViewController.swift */; };
		A3C506801E42F10200E6B32D /* Main.storyboard in Resources */ = {isa = PBXBuildFile; fileRef = A3C5067E1E42F10200E6B32D /* Main.storyboard */; };
		A3C506821E42F10200E6B32D /* Assets.xcassets in Resources */ = {isa = PBXBuildFile; fileRef = A3C506811E42F10200E6B32D /* Assets.xcassets */; };
		A3C506851E42F10200E6B32D /* LaunchScreen.storyboard in Resources */ = {isa = PBXBuildFile; fileRef = A3C506831E42F10200E6B32D /* LaunchScreen.storyboard */; };
		A3E505B51EA26DA8005C8E12 /* shooter500.jpeg in Resources */ = {isa = PBXBuildFile; fileRef = A3E505B41EA26DA8005C8E12 /* shooter500.jpeg */; };
		A3E505B71EA27B53005C8E12 /* shot.mp3 in Resources */ = {isa = PBXBuildFile; fileRef = A3E505B61EA27B53005C8E12 /* shot.mp3 */; };
		A3E505B91EA281FC005C8E12 /* Hockey-goal.png in Resources */ = {isa = PBXBuildFile; fileRef = A3E505B81EA281FC005C8E12 /* Hockey-goal.png */; };
/* End PBXBuildFile section */

/* Begin PBXFileReference section */
		A3B6E1941EAC667E00251D73 /* Corners.swift */ = {isa = PBXFileReference; fileEncoding = 4; lastKnownFileType = sourcecode.swift; path = Corners.swift; sourceTree = "<group>"; };
		A3BB1E1E1E746F75001E979F /* SplashVC.swift */ = {isa = PBXFileReference; fileEncoding = 4; lastKnownFileType = sourcecode.swift; path = SplashVC.swift; sourceTree = "<group>"; };
		A3C506771E42F10200E6B32D /* PercentagePlus.app */ = {isa = PBXFileReference; explicitFileType = wrapper.application; includeInIndex = 0; path = PercentagePlus.app; sourceTree = BUILT_PRODUCTS_DIR; };
		A3C5067A1E42F10200E6B32D /* AppDelegate.swift */ = {isa = PBXFileReference; lastKnownFileType = sourcecode.swift; path = AppDelegate.swift; sourceTree = "<group>"; };
		A3C5067C1E42F10200E6B32D /* ViewController.swift */ = {isa = PBXFileReference; lastKnownFileType = sourcecode.swift; path = ViewController.swift; sourceTree = "<group>"; };
		A3C5067F1E42F10200E6B32D /* Base */ = {isa = PBXFileReference; lastKnownFileType = file.storyboard; name = Base; path = Base.lproj/Main.storyboard; sourceTree = "<group>"; };
		A3C506811E42F10200E6B32D /* Assets.xcassets */ = {isa = PBXFileReference; lastKnownFileType = folder.assetcatalog; path = Assets.xcassets; sourceTree = "<group>"; };
		A3C506841E42F10200E6B32D /* Base */ = {isa = PBXFileReference; lastKnownFileType = file.storyboard; name = Base; path = Base.lproj/LaunchScreen.storyboard; sourceTree = "<group>"; };
		A3C506861E42F10200E6B32D /* Info.plist */ = {isa = PBXFileReference; lastKnownFileType = text.plist.xml; path = Info.plist; sourceTree = "<group>"; };
		A3E505B41EA26DA8005C8E12 /* shooter500.jpeg */ = {isa = PBXFileReference; lastKnownFileType = image.jpeg; path = shooter500.jpeg; sourceTree = "<group>"; };
		A3E505B61EA27B53005C8E12 /* shot.mp3 */ = {isa = PBXFileReference; lastKnownFileType = audio.mp3; path = shot.mp3; sourceTree = "<group>"; };
		A3E505B81EA281FC005C8E12 /* Hockey-goal.png */ = {isa = PBXFileReference; lastKnownFileType = image.png; path = "Hockey-goal.png"; sourceTree = "<group>"; };
/* End PBXFileReference section */

/* Begin PBXFrameworksBuildPhase section */
		A3C506741E42F10200E6B32D /* Frameworks */ = {
			isa = PBXFrameworksBuildPhase;
			buildActionMask = 2147483647;
			files = (
			);
			runOnlyForDeploymentPostprocessing = 0;
		};
/* End PBXFrameworksBuildPhase section */

/* Begin PBXGroup section */
		A3BB1E1B1E746F4C001E979F /* Model */ = {
			isa = PBXGroup;
			children = (
			);
			name = Model;
			sourceTree = "<group>";
		};
		A3BB1E1C1E746F51001E979F /* View */ = {
			isa = PBXGroup;
			children = (
				A3C5067C1E42F10200E6B32D /* ViewController.swift */,
				A3BB1E1E1E746F75001E979F /* SplashVC.swift */,
			);
			name = View;
			sourceTree = "<group>";
		};
		A3BB1E1D1E746F57001E979F /* Controller */ = {
			isa = PBXGroup;
			children = (
			);
			name = Controller;
			sourceTree = "<group>";
		};
		A3C5066E1E42F10200E6B32D = {
			isa = PBXGroup;
			children = (
				A3B6E1941EAC667E00251D73 /* Corners.swift */,
				A3C506791E42F10200E6B32D /* PercentagePlus */,
				A3C506781E42F10200E6B32D /* Products */,
			);
			sourceTree = "<group>";
		};
		A3C506781E42F10200E6B32D /* Products */ = {
			isa = PBXGroup;
			children = (
				A3C506771E42F10200E6B32D /* PercentagePlus.app */,
			);
			name = Products;
			sourceTree = "<group>";
		};
		A3C506791E42F10200E6B32D /* PercentagePlus */ = {
			isa = PBXGroup;
			children = (
				A3BB1E1D1E746F57001E979F /* Controller */,
				A3BB1E1C1E746F51001E979F /* View */,
				A3BB1E1B1E746F4C001E979F /* Model */,
				A3C5067A1E42F10200E6B32D /* AppDelegate.swift */,
				A3C5067E1E42F10200E6B32D /* Main.storyboard */,
				A3C506811E42F10200E6B32D /* Assets.xcassets */,
				A3E505B81EA281FC005C8E12 /* Hockey-goal.png */,
				A3E505B61EA27B53005C8E12 /* shot.mp3 */,
				A3E505B41EA26DA8005C8E12 /* shooter500.jpeg */,
				A3C506831E42F10200E6B32D /* LaunchScreen.storyboard */,
				A3C506861E42F10200E6B32D /* Info.plist */,
			);
			path = PercentagePlus;
			sourceTree = "<group>";
		};
/* End PBXGroup section */

/* Begin PBXNativeTarget section */
		A3C506761E42F10200E6B32D /* PercentagePlus */ = {
			isa = PBXNativeTarget;
			buildConfigurationList = A3C506891E42F10200E6B32D /* Build configuration list for PBXNativeTarget "PercentagePlus" */;
			buildPhases = (
				A3C506731E42F10200E6B32D /* Sources */,
				A3C506741E42F10200E6B32D /* Frameworks */,
				A3C506751E42F10200E6B32D /* Resources */,
			);
			buildRules = (
			);
			dependencies = (
			);
			name = PercentagePlus;
			productName = PercentagePlus;
			productReference = A3C506771E42F10200E6B32D /* PercentagePlus.app */;
			productType = "com.apple.product-type.application";
		};
/* End PBXNativeTarget section */

/* Begin PBXProject section */
		A3C5066F1E42F10200E6B32D /* Project object */ = {
			isa = PBXProject;
			attributes = {
				LastSwiftUpdateCheck = 0820;
				LastUpgradeCheck = 0820;
				ORGANIZATIONNAME = "Peanut Apps";
				TargetAttributes = {
					A3C506761E42F10200E6B32D = {
						CreatedOnToolsVersion = 8.2.1;
						DevelopmentTeam = 8B96WPVX2B;
						ProvisioningStyle = Automatic;
					};
				};
			};
			buildConfigurationList = A3C506721E42F10200E6B32D /* Build configuration list for PBXProject "PercentagePlus" */;
			compatibilityVersion = "Xcode 3.2";
			developmentRegion = English;
			hasScannedForEncodings = 0;
			knownRegions = (
				en,
				Base,
			);
			mainGroup = A3C5066E1E42F10200E6B32D;
			productRefGroup = A3C506781E42F10200E6B32D /* Products */;
			projectDirPath = "";
			projectRoot = "";
			targets = (
				A3C506761E42F10200E6B32D /* PercentagePlus */,
			);
		};
/* End PBXProject section */

/* Begin PBXResourcesBuildPhase section */
		A3C506751E42F10200E6B32D /* Resources */ = {
			isa = PBXResourcesBuildPhase;
			buildActionMask = 2147483647;
			files = (
				A3E505B51EA26DA8005C8E12 /* shooter500.jpeg in Resources */,
				A3E505B71EA27B53005C8E12 /* shot.mp3 in Resources */,
				A3C506851E42F10200E6B32D /* LaunchScreen.storyboard in Resources */,
				A3C506821E42F10200E6B32D /* Assets.xcassets in Resources */,
				A3C506801E42F10200E6B32D /* Main.storyboard in Resources */,
				A3E505B91EA281FC005C8E12 /* Hockey-goal.png in Resources */,
			);
			runOnlyForDeploymentPostprocessing = 0;
		};
/* End PBXResourcesBuildPhase section */

/* Begin PBXSourcesBuildPhase section */
		A3C506731E42F10200E6B32D /* Sources */ = {
			isa = PBXSourcesBuildPhase;
			buildActionMask = 2147483647;
			files = (
				A3B6E1951EAC667E00251D73 /* Corners.swift in Sources */,
				A3C5067D1E42F10200E6B32D /* ViewController.swift in Sources */,
				A3BB1E1F1E746F75001E979F /* SplashVC.swift in Sources */,
				A3C5067B1E42F10200E6B32D /* AppDelegate.swift in Sources */,
			);
			runOnlyForDeploymentPostprocessing = 0;
		};
/* End PBXSourcesBuildPhase section */

/* Begin PBXVariantGroup section */
		A3C5067E1E42F10200E6B32D /* Main.storyboard */ = {
			isa = PBXVariantGroup;
			children = (
				A3C5067F1E42F10200E6B32D /* Base */,
			);
			name = Main.storyboard;
			sourceTree = "<group>";
		};
		A3C506831E42F10200E6B32D /* LaunchScreen.storyboard */ = {
			isa = PBXVariantGroup;
			children = (
				A3C506841E42F10200E6B32D /* Base */,
			);
			name = LaunchScreen.storyboard;
			sourceTree = "<group>";
		};
/* End PBXVariantGroup section */

/* Begin XCBuildConfiguration section */
		A3C506871E42F10200E6B32D /* Debug */ = {
			isa = XCBuildConfiguration;
			buildSettings = {
				ALWAYS_SEARCH_USER_PATHS = NO;
				CLANG_ANALYZER_NONNULL = YES;
				CLANG_CXX_LANGUAGE_STANDARD = "gnu++0x";
				CLANG_CXX_LIBRARY = "libc++";
				CLANG_ENABLE_MODULES = YES;
				CLANG_ENABLE_OBJC_ARC = YES;
				CLANG_WARN_BOOL_CONVERSION = YES;
				CLANG_WARN_CONSTANT_CONVERSION = YES;
				CLANG_WARN_DIRECT_OBJC_ISA_USAGE = YES_ERROR;
				CLANG_WARN_DOCUMENTATION_COMMENTS = YES;
				CLANG_WARN_EMPTY_BODY = YES;
				CLANG_WARN_ENUM_CONVERSION = YES;
				CLANG_WARN_INFINITE_RECURSION = YES;
				CLANG_WARN_INT_CONVERSION = YES;
				CLANG_WARN_OBJC_ROOT_CLASS = YES_ERROR;
				CLANG_WARN_SUSPICIOUS_MOVE = YES;
				CLANG_WARN_UNREACHABLE_CODE = YES;
				CLANG_WARN__DUPLICATE_METHOD_MATCH = YES;
				"CODE_SIGN_IDENTITY[sdk=iphoneos*]" = "iPhone Developer";
				COPY_PHASE_STRIP = NO;
				DEBUG_INFORMATION_FORMAT = dwarf;
				ENABLE_STRICT_OBJC_MSGSEND = YES;
				ENABLE_TESTABILITY = YES;
				GCC_C_LANGUAGE_STANDARD = gnu99;
				GCC_DYNAMIC_NO_PIC = NO;
				GCC_NO_COMMON_BLOCKS = YES;
				GCC_OPTIMIZATION_LEVEL = 0;
				GCC_PREPROCESSOR_DEFINITIONS = (
					"DEBUG=1",
					"$(inherited)",
				);
				GCC_WARN_64_TO_32_BIT_CONVERSION = YES;
				GCC_WARN_ABOUT_RETURN_TYPE = YES_ERROR;
				GCC_WARN_UNDECLARED_SELECTOR = YES;
				GCC_WARN_UNINITIALIZED_AUTOS = YES_AGGRESSIVE;
				GCC_WARN_UNUSED_FUNCTION = YES;
				GCC_WARN_UNUSED_VARIABLE = YES;
				IPHONEOS_DEPLOYMENT_TARGET = 10.2;
				MTL_ENABLE_DEBUG_INFO = YES;
				ONLY_ACTIVE_ARCH = YES;
				SDKROOT = iphoneos;
				SWIFT_ACTIVE_COMPILATION_CONDITIONS = DEBUG;
				SWIFT_OPTIMIZATION_LEVEL = "-Onone";
				TARGETED_DEVICE_FAMILY = "1,2";
			};
			name = Debug;
		};
		A3C506881E42F10200E6B32D /* Release */ = {
			isa = XCBuildConfiguration;
			buildSettings = {
				ALWAYS_SEARCH_USER_PATHS = NO;
				CLANG_ANALYZER_NONNULL = YES;
				CLANG_CXX_LANGUAGE_STANDARD = "gnu++0x";
				CLANG_CXX_LIBRARY = "libc++";
				CLANG_ENABLE_MODULES = YES;
				CLANG_ENABLE_OBJC_ARC = YES;
				CLANG_WARN_BOOL_CONVERSION = YES;
				CLANG_WARN_CONSTANT_CONVERSION = YES;
				CLANG_WARN_DIRECT_OBJC_ISA_USAGE = YES_ERROR;
				CLANG_WARN_DOCUMENTATION_COMMENTS = YES;
				CLANG_WARN_EMPTY_BODY = YES;
				CLANG_WARN_ENUM_CONVERSION = YES;
				CLANG_WARN_INFINITE_RECURSION = YES;
				CLANG_WARN_INT_CONVERSION = YES;
				CLANG_WARN_OBJC_ROOT_CLASS = YES_ERROR;
				CLANG_WARN_SUSPICIOUS_MOVE = YES;
				CLANG_WARN_UNREACHABLE_CODE = YES;
				CLANG_WARN__DUPLICATE_METHOD_MATCH = YES;
				"CODE_SIGN_IDENTITY[sdk=iphoneos*]" = "iPhone Developer";
				COPY_PHASE_STRIP = NO;
				DEBUG_INFORMATION_FORMAT = "dwarf-with-dsym";
				ENABLE_NS_ASSERTIONS = NO;
				ENABLE_STRICT_OBJC_MSGSEND = YES;
				GCC_C_LANGUAGE_STANDARD = gnu99;
				GCC_NO_COMMON_BLOCKS = YES;
				GCC_WARN_64_TO_32_BIT_CONVERSION = YES;
				GCC_WARN_ABOUT_RETURN_TYPE = YES_ERROR;
				GCC_WARN_UNDECLARED_SELECTOR = YES;
				GCC_WARN_UNINITIALIZED_AUTOS = YES_AGGRESSIVE;
				GCC_WARN_UNUSED_FUNCTION = YES;
				GCC_WARN_UNUSED_VARIABLE = YES;
				IPHONEOS_DEPLOYMENT_TARGET = 10.2;
				MTL_ENABLE_DEBUG_INFO = NO;
				SDKROOT = iphoneos;
				SWIFT_OPTIMIZATION_LEVEL = "-Owholemodule";
				TARGETED_DEVICE_FAMILY = "1,2";
				VALIDATE_PRODUCT = YES;
			};
			name = Release;
		};
		A3C5068A1E42F10200E6B32D /* Debug */ = {
			isa = XCBuildConfiguration;
			buildSettings = {
				ASSETCATALOG_COMPILER_APPICON_NAME = AppIcon;
				DEVELOPMENT_TEAM = 8B96WPVX2B;
				INFOPLIST_FILE = PercentagePlus/Info.plist;
				LD_RUNPATH_SEARCH_PATHS = "$(inherited) @executable_path/Frameworks";
				PRODUCT_BUNDLE_IDENTIFIER = com.peanutapps.PercetagePlus;
				PRODUCT_NAME = "$(TARGET_NAME)";
				SWIFT_VERSION = 3.0;
			};
			name = Debug;
		};
		A3C5068B1E42F10200E6B32D /* Release */ = {
			isa = XCBuildConfiguration;
			buildSettings = {
				ASSETCATALOG_COMPILER_APPICON_NAME = AppIcon;
				DEVELOPMENT_TEAM = 8B96WPVX2B;
				INFOPLIST_FILE = PercentagePlus/Info.plist;
				LD_RUNPATH_SEARCH_PATHS = "$(inherited) @executable_path/Frameworks";
				PRODUCT_BUNDLE_IDENTIFIER = com.peanutapps.PercetagePlus;
				PRODUCT_NAME = "$(TARGET_NAME)";
				SWIFT_VERSION = 3.0;
			};
			name = Release;
		};
/* End XCBuildConfiguration section */

/* Begin XCConfigurationList section */
		A3C506721E42F10200E6B32D /* Build configuration list for PBXProject "PercentagePlus" */ = {
			isa = XCConfigurationList;
			buildConfigurations = (
				A3C506871E42F10200E6B32D /* Debug */,
				A3C506881E42F10200E6B32D /* Release */,
			);
			defaultConfigurationIsVisible = 0;
			defaultConfigurationName = Release;
		};
		A3C506891E42F10200E6B32D /* Build configuration list for PBXNativeTarget "PercentagePlus" */ = {
			isa = XCConfigurationList;
			buildConfigurations = (
				A3C5068A1E42F10200E6B32D /* Debug */,
				A3C5068B1E42F10200E6B32D /* Release */,
			);
			defaultConfigurationIsVisible = 0;
			defaultConfigurationName = Release;
		};
/* End XCConfigurationList section */
	};
	rootObject = A3C5066F1E42F10200E6B32D /* Project object */;
}
